{
  "version": 4,
  "terraform_version": "1.6.5",
  "serial": 88,
  "lineage": "784d2b33-94aa-ea23-fc03-ed12af6a3014",
  "outputs": {},
  "resources": [
    {
      "module": "module.api",
      "mode": "data",
      "type": "archive_file",
      "name": "lambda",
      "provider": "provider[\"registry.terraform.io/hashicorp/archive\"]",
      "instances": [
        {
          "index_key": "answer",
          "schema_version": 0,
          "attributes": {
            "exclude_symlink_directories": null,
            "excludes": null,
            "id": "cc7636407e1c4e0097882c7de1d38cb9bcba8bb8",
            "output_base64sha256": "gcZKLnZuP6QYMSXCDh8staVC/ONnXHrEQBkNZFnMTsU=",
            "output_base64sha512": "GVGu1LOXQNePOnrLrGUrPAUxQwldVpUoDLNi3Fhbs3v15qNp2F2SVZy8s7891zAqd5bLiatNIXCjGo/A9lyXXA==",
            "output_file_mode": null,
            "output_md5": "5e5b2e19b530df68d2d8d9078676f2f9",
            "output_path": "modules/api/src/answer.zip",
            "output_sha": "cc7636407e1c4e0097882c7de1d38cb9bcba8bb8",
            "output_sha256": "81c64a2e766e3fa4183125c20e1f2cb5a542fce3675c7ac440190d6459cc4ec5",
            "output_sha512": "1951aed4b39740d78f3a7acbac652b3c053143095d5695280cb362dc585bb37bf5e6a369d85d92559cbcb3bf3dd7302a7796cb89ab4d2170a31a8fc0f65c975c",
            "output_size": 2177,
            "source": [],
            "source_content": null,
            "source_content_filename": null,
            "source_dir": null,
            "source_file": "modules/api/src/answer.py",
            "type": "zip"
          },
          "sensitive_attributes": []
        },
        {
          "index_key": "person_data",
          "schema_version": 0,
          "attributes": {
            "exclude_symlink_directories": null,
            "excludes": null,
            "id": "34c3a56bac6580dbafb804d40b522bb9a8039354",
            "output_base64sha256": "XD9wdmS1op3CmPhKfaHLxD5U/kBb69aYAS+hOC9LrWo=",
            "output_base64sha512": "zOSd4k9LpuhHmIpp1YPfg4MiouLX2e4gM1WsFaeyYGcMbFRpzUjzEHo2c77R+Gv1uV54f8Blpfu5G8LSg0grQg==",
            "output_file_mode": null,
            "output_md5": "97da9160e82b3d066e45adce33542563",
            "output_path": "modules/api/src/person_data.zip",
            "output_sha": "34c3a56bac6580dbafb804d40b522bb9a8039354",
            "output_sha256": "5c3f707664b5a29dc298f84a7da1cbc43e54fe405bebd698012fa1382f4bad6a",
            "output_sha512": "cce49de24f4ba6e847988a69d583df838322a2e2d7d9ee203355ac15a7b260670c6c5469cd48f3107a3673bed1f86bf5b95e787fc065a5fbb91bc2d283482b42",
            "output_size": 847,
            "source": [],
            "source_content": null,
            "source_content_filename": null,
            "source_dir": null,
            "source_file": "modules/api/src/person_data.py",
            "type": "zip"
          },
          "sensitive_attributes": []
        },
        {
          "index_key": "question",
          "schema_version": 0,
          "attributes": {
            "exclude_symlink_directories": null,
            "excludes": null,
            "id": "6b38667434802f6180ced7f65abd87680bcce350",
            "output_base64sha256": "w7AfvnFHETg+h+Cj/z7+fOZv5zkMSQjoymY31t/qYRo=",
            "output_base64sha512": "DALyVBAfx3+IFR6OjQx5Kox5ligNKwL9LHtcss15KSfS5WZyqfkPHQgELzrf/Q43r4xA34lIXDtzQI8BZAxQnQ==",
            "output_file_mode": null,
            "output_md5": "1ec8e7f4a641232b68c94f262d1c0c2c",
            "output_path": "modules/api/src/question.zip",
            "output_sha": "6b38667434802f6180ced7f65abd87680bcce350",
            "output_sha256": "c3b01fbe714711383e87e0a3ff3efe7ce66fe7390c4908e8ca6637d6dfea611a",
            "output_sha512": "0c02f254101fc77f88151e8e8d0c792a8c7996280d2b02fd2c7b5cb2cd792927d2e56672a9f90f1d08042f3adffd0e37af8c40df89485c3b73408f01640c509d",
            "output_size": 831,
            "source": [],
            "source_content": null,
            "source_content_filename": null,
            "source_dir": null,
            "source_file": "modules/api/src/question.py",
            "type": "zip"
          },
          "sensitive_attributes": []
        },
        {
          "index_key": "user",
          "schema_version": 0,
          "attributes": {
            "exclude_symlink_directories": null,
            "excludes": null,
            "id": "869c33adc6e16c5bfa7d8c7d6eef9fdf0c2cb07b",
            "output_base64sha256": "AdJeRD662+aRK3RXd8kDAHcwEscFF6dt4AZlGedEb2k=",
            "output_base64sha512": "gcApYcPxAppp8N2phgCF7/fq0qLzz25lE9RI50tHKxnFl6bnHwd2peniLyLAp948sF3FxsOHlqNljQsXUIHbjQ==",
            "output_file_mode": null,
            "output_md5": "7a0279af3aa0269fd6b28cc14d21ccf0",
            "output_path": "modules/api/src/user.zip",
            "output_sha": "869c33adc6e16c5bfa7d8c7d6eef9fdf0c2cb07b",
            "output_sha256": "01d25e443ebadbe6912b745777c90300773012c70517a76de0066519e7446f69",
            "output_sha512": "81c02961c3f1029a69f0dda9860085eff7ead2a2f3cf6e6513d448e74b472b19c597a6e71f0776a5e9e22f22c0a7de3cb05dc5c6c38796a3658d0b175081db8d",
            "output_size": 522,
            "source": [],
            "source_content": null,
            "source_content_filename": null,
            "source_dir": null,
            "source_file": "modules/api/src/user.py",
            "type": "zip"
          },
          "sensitive_attributes": []
        }
      ]
    },
    {
      "module": "module.api",
      "mode": "data",
      "type": "archive_file",
      "name": "layer_zip",
      "provider": "provider[\"registry.terraform.io/hashicorp/archive\"]",
      "instances": [
        {
          "schema_version": 0,
          "attributes": {
            "exclude_symlink_directories": null,
            "excludes": null,
            "id": "5479b2650817f9c6cea5e0f8f8be91c3f86b3ac0",
            "output_base64sha256": "PXpYTHZtZlHoZD0QjkBR9s6/4zwh7pvzEggM6mebl6s=",
            "output_base64sha512": "Iati0eN9P1UrtUctSbu0rsbqyQ3idiiraDYtZeyDBp8xBw/yRuC3URMstP7rFWq7VGWpENhwBDsUHmUkJHq/yQ==",
            "output_file_mode": null,
            "output_md5": "393c57ebda6c7f21e0a2f98e4732c24c",
            "output_path": "modules/api/src/langchain_layer/langchain_layer.zip",
            "output_sha": "5479b2650817f9c6cea5e0f8f8be91c3f86b3ac0",
            "output_sha256": "3d7a584c766d6651e8643d108e4051f6cebfe33c21ee9bf312080cea679b97ab",
            "output_sha512": "21ab62d1e37d3f552bb5472d49bbb4aec6eac90de27628ab68362d65ec83069f31070ff246e0b751132cb4feeb156abb5465a910d870043b141e6524247abfc9",
            "output_size": 11851884,
            "source": [],
            "source_content": null,
            "source_content_filename": null,
            "source_dir": "modules/api/src/langchain_layer/layer",
            "source_file": null,
            "type": "zip"
          },
          "sensitive_attributes": []
        }
      ]
    },
    {
      "module": "module.api",
      "mode": "data",
      "type": "aws_iam_policy_document",
      "name": "dynamodb_access_doc",
      "provider": "provider[\"registry.terraform.io/hashicorp/aws\"]",
      "instances": [
        {
          "schema_version": 0,
          "attributes": {
            "id": "297644420",
            "json": "{\n  \"Version\": \"2012-10-17\",\n  \"Statement\": [\n    {\n      \"Effect\": \"Allow\",\n      \"Action\": [\n        \"dynamodb:Scan\",\n        \"dynamodb:PutItem\",\n        \"dynamodb:GetItem\",\n        \"dynamodb:BatchWriteItem\"\n      ],\n      \"Resource\": \"*\"\n    }\n  ]\n}",
            "override_json": null,
            "override_policy_documents": null,
            "policy_id": null,
            "source_json": null,
            "source_policy_documents": null,
            "statement": [
              {
                "actions": [
                  "dynamodb:BatchWriteItem",
                  "dynamodb:GetItem",
                  "dynamodb:PutItem",
                  "dynamodb:Scan"
                ],
                "condition": [],
                "effect": "Allow",
                "not_actions": [],
                "not_principals": [],
                "not_resources": [],
                "principals": [],
                "resources": [
                  "*"
                ],
                "sid": ""
              }
            ],
            "version": "2012-10-17"
          },
          "sensitive_attributes": []
        }
      ]
    },
    {
      "module": "module.api",
      "mode": "data",
      "type": "aws_iam_policy_document",
      "name": "lambda_role",
      "provider": "provider[\"registry.terraform.io/hashicorp/aws\"]",
      "instances": [
        {
          "schema_version": 0,
          "attributes": {
            "id": "1604711841",
            "json": "{\n  \"Version\": \"2012-10-17\",\n  \"Statement\": [\n    {\n      \"Effect\": \"Allow\",\n      \"Action\": \"sts:AssumeRole\",\n      \"Principal\": {\n        \"Service\": \"lambda.amazonaws.com\"\n      }\n    }\n  ]\n}",
            "override_json": null,
            "override_policy_documents": null,
            "policy_id": null,
            "source_json": null,
            "source_policy_documents": null,
            "statement": [
              {
                "actions": [
                  "sts:AssumeRole"
                ],
                "condition": [],
                "effect": "Allow",
                "not_actions": [],
                "not_principals": [],
                "not_resources": [],
                "principals": [
                  {
                    "identifiers": [
                      "lambda.amazonaws.com"
                    ],
                    "type": "Service"
                  }
                ],
                "resources": [],
                "sid": ""
              }
            ],
            "version": "2012-10-17"
          },
          "sensitive_attributes": []
        }
      ]
    },
    {
      "module": "module.api",
      "mode": "data",
      "type": "aws_iam_policy_document",
      "name": "logs_policy_doc",
      "provider": "provider[\"registry.terraform.io/hashicorp/aws\"]",
      "instances": [
        {
          "schema_version": 0,
          "attributes": {
            "id": "1618694627",
            "json": "{\n  \"Version\": \"2012-10-17\",\n  \"Statement\": [\n    {\n      \"Effect\": \"Allow\",\n      \"Action\": [\n        \"secretsmanager:GetSecretValue\",\n        \"logs:PutLogEvents\",\n        \"logs:CreateLogStream\",\n        \"logs:CreateLogGroup\"\n      ],\n      \"Resource\": \"*\"\n    }\n  ]\n}",
            "override_json": null,
            "override_policy_documents": null,
            "policy_id": null,
            "source_json": null,
            "source_policy_documents": null,
            "statement": [
              {
                "actions": [
                  "logs:CreateLogGroup",
                  "logs:CreateLogStream",
                  "logs:PutLogEvents",
                  "secretsmanager:GetSecretValue"
                ],
                "condition": [],
                "effect": "Allow",
                "not_actions": [],
                "not_principals": [],
                "not_resources": [],
                "principals": [],
                "resources": [
                  "*"
                ],
                "sid": ""
              }
            ],
            "version": "2012-10-17"
          },
          "sensitive_attributes": []
        }
      ]
    },
    {
      "module": "module.api",
      "mode": "managed",
      "type": "aws_api_gateway_account",
      "name": "api_account",
      "provider": "provider[\"registry.terraform.io/hashicorp/aws\"]",
      "instances": [
        {
          "schema_version": 0,
          "attributes": {
            "api_key_version": "4",
            "cloudwatch_role_arn": "arn:aws:iam::851725210411:role/api_gateway_workshop_cloudwatch_role",
            "features": [
              "UsagePlans"
            ],
            "id": "api-gateway-account",
            "throttle_settings": [
              {
                "burst_limit": 5000,
                "rate_limit": 10000
              }
            ]
          },
          "sensitive_attributes": [],
          "private": "bnVsbA==",
          "dependencies": [
            "module.api.aws_iam_role.api_gw_workshop_role",
            "module.api.aws_iam_role_policy.api_gateway_workshop"
          ]
        }
      ]
    },
    {
      "module": "module.api",
      "mode": "managed",
      "type": "aws_api_gateway_deployment",
      "name": "deployment",
      "provider": "provider[\"registry.terraform.io/hashicorp/aws\"]",
      "instances": [
        {
          "schema_version": 0,
          "attributes": {
            "created_date": "2024-06-17T12:06:11Z",
            "description": "",
            "execution_arn": "arn:aws:execute-api:eu-central-1:851725210411:c9btvpbnyd/",
            "id": "zvf9tn",
            "invoke_url": "https://c9btvpbnyd.execute-api.eu-central-1.amazonaws.com/",
            "rest_api_id": "c9btvpbnyd",
            "stage_description": null,
            "stage_name": null,
            "triggers": {
              "redeployment": "669b70c946c74183c5ec73d6a6a850433d592e56"
            },
            "variables": null
          },
          "sensitive_attributes": [],
          "private": "bnVsbA==",
          "dependencies": [
            "module.api.aws_api_gateway_integration.integration",
            "module.api.aws_api_gateway_method.method",
            "module.api.aws_api_gateway_resource.resource",
            "module.api.aws_api_gateway_rest_api.workshop",
            "module.api.aws_iam_policy.dynamodb_access_policy",
            "module.api.aws_iam_policy.logs_policy",
            "module.api.aws_iam_role.lambda",
            "module.api.aws_lambda_function.lambda",
            "module.api.aws_lambda_layer_version.langchain",
            "module.api.data.archive_file.lambda",
            "module.api.data.archive_file.layer_zip",
            "module.api.data.aws_iam_policy_document.dynamodb_access_doc",
            "module.api.data.aws_iam_policy_document.lambda_role",
            "module.api.data.aws_iam_policy_document.logs_policy_doc"
          ],
          "create_before_destroy": true
        }
      ]
    },
    {
      "module": "module.api",
      "mode": "managed",
      "type": "aws_api_gateway_integration",
      "name": "integration",
      "provider": "provider[\"registry.terraform.io/hashicorp/aws\"]",
      "instances": [
        {
          "index_key": "answer",
          "schema_version": 0,
          "attributes": {
            "cache_key_parameters": [],
            "cache_namespace": "35c0sa",
            "connection_id": "",
            "connection_type": "INTERNET",
            "content_handling": "",
            "credentials": "",
            "http_method": "POST",
            "id": "agi-c9btvpbnyd-35c0sa-POST",
            "integration_http_method": "POST",
            "passthrough_behavior": "WHEN_NO_MATCH",
            "request_parameters": {},
            "request_templates": {},
            "resource_id": "35c0sa",
            "rest_api_id": "c9btvpbnyd",
            "timeout_milliseconds": 29000,
            "tls_config": [],
            "type": "AWS_PROXY",
            "uri": "arn:aws:apigateway:eu-central-1:lambda:path/2015-03-31/functions/arn:aws:lambda:eu-central-1:851725210411:function:answer/invocations"
          },
          "sensitive_attributes": [],
          "private": "bnVsbA==",
          "dependencies": [
            "module.api.aws_api_gateway_method.method",
            "module.api.aws_api_gateway_resource.resource",
            "module.api.aws_api_gateway_rest_api.workshop",
            "module.api.aws_iam_policy.dynamodb_access_policy",
            "module.api.aws_iam_policy.logs_policy",
            "module.api.aws_iam_role.lambda",
            "module.api.aws_lambda_function.lambda",
            "module.api.aws_lambda_layer_version.langchain",
            "module.api.data.archive_file.lambda",
            "module.api.data.archive_file.layer_zip",
            "module.api.data.aws_iam_policy_document.dynamodb_access_doc",
            "module.api.data.aws_iam_policy_document.lambda_role",
            "module.api.data.aws_iam_policy_document.logs_policy_doc"
          ],
          "create_before_destroy": true
        },
        {
          "index_key": "person_data",
          "schema_version": 0,
          "attributes": {
            "cache_key_parameters": [],
            "cache_namespace": "36v6ud",
            "connection_id": "",
            "connection_type": "INTERNET",
            "content_handling": "",
            "credentials": "",
            "http_method": "POST",
            "id": "agi-c9btvpbnyd-36v6ud-POST",
            "integration_http_method": "POST",
            "passthrough_behavior": "WHEN_NO_MATCH",
            "request_parameters": {},
            "request_templates": {},
            "resource_id": "36v6ud",
            "rest_api_id": "c9btvpbnyd",
            "timeout_milliseconds": 29000,
            "tls_config": [],
            "type": "AWS_PROXY",
            "uri": "arn:aws:apigateway:eu-central-1:lambda:path/2015-03-31/functions/arn:aws:lambda:eu-central-1:851725210411:function:person_data/invocations"
          },
          "sensitive_attributes": [],
          "private": "bnVsbA==",
          "dependencies": [
            "module.api.aws_api_gateway_method.method",
            "module.api.aws_api_gateway_resource.resource",
            "module.api.aws_api_gateway_rest_api.workshop",
            "module.api.aws_iam_policy.dynamodb_access_policy",
            "module.api.aws_iam_policy.logs_policy",
            "module.api.aws_iam_role.lambda",
            "module.api.aws_lambda_function.lambda",
            "module.api.aws_lambda_layer_version.langchain",
            "module.api.data.archive_file.lambda",
            "module.api.data.archive_file.layer_zip",
            "module.api.data.aws_iam_policy_document.dynamodb_access_doc",
            "module.api.data.aws_iam_policy_document.lambda_role",
            "module.api.data.aws_iam_policy_document.logs_policy_doc"
          ],
          "create_before_destroy": true
        },
        {
          "index_key": "question",
          "schema_version": 0,
          "attributes": {
            "cache_key_parameters": [],
            "cache_namespace": "uzvbqp",
            "connection_id": "",
            "connection_type": "INTERNET",
            "content_handling": "",
            "credentials": "",
            "http_method": "GET",
            "id": "agi-c9btvpbnyd-uzvbqp-GET",
            "integration_http_method": "POST",
            "passthrough_behavior": "WHEN_NO_MATCH",
            "request_parameters": {},
            "request_templates": {},
            "resource_id": "uzvbqp",
            "rest_api_id": "c9btvpbnyd",
            "timeout_milliseconds": 29000,
            "tls_config": [],
            "type": "AWS_PROXY",
            "uri": "arn:aws:apigateway:eu-central-1:lambda:path/2015-03-31/functions/arn:aws:lambda:eu-central-1:851725210411:function:question/invocations"
          },
          "sensitive_attributes": [],
          "private": "bnVsbA==",
          "dependencies": [
            "module.api.aws_api_gateway_method.method",
            "module.api.aws_api_gateway_resource.resource",
            "module.api.aws_api_gateway_rest_api.workshop",
            "module.api.aws_iam_policy.dynamodb_access_policy",
            "module.api.aws_iam_policy.logs_policy",
            "module.api.aws_iam_role.lambda",
            "module.api.aws_lambda_function.lambda",
            "module.api.aws_lambda_layer_version.langchain",
            "module.api.data.archive_file.lambda",
            "module.api.data.archive_file.layer_zip",
            "module.api.data.aws_iam_policy_document.dynamodb_access_doc",
            "module.api.data.aws_iam_policy_document.lambda_role",
            "module.api.data.aws_iam_policy_document.logs_policy_doc"
          ],
          "create_before_destroy": true
        },
        {
          "index_key": "user",
          "schema_version": 0,
          "attributes": {
            "cache_key_parameters": [],
            "cache_namespace": "5mu15w",
            "connection_id": "",
            "connection_type": "INTERNET",
            "content_handling": "",
            "credentials": "",
            "http_method": "POST",
            "id": "agi-c9btvpbnyd-5mu15w-POST",
            "integration_http_method": "POST",
            "passthrough_behavior": "WHEN_NO_MATCH",
            "request_parameters": {},
            "request_templates": {},
            "resource_id": "5mu15w",
            "rest_api_id": "c9btvpbnyd",
            "timeout_milliseconds": 29000,
            "tls_config": [],
            "type": "AWS_PROXY",
            "uri": "arn:aws:apigateway:eu-central-1:lambda:path/2015-03-31/functions/arn:aws:lambda:eu-central-1:851725210411:function:user/invocations"
          },
          "sensitive_attributes": [],
          "private": "bnVsbA==",
          "dependencies": [
            "module.api.aws_api_gateway_method.method",
            "module.api.aws_api_gateway_resource.resource",
            "module.api.aws_api_gateway_rest_api.workshop",
            "module.api.aws_iam_policy.dynamodb_access_policy",
            "module.api.aws_iam_policy.logs_policy",
            "module.api.aws_iam_role.lambda",
            "module.api.aws_lambda_function.lambda",
            "module.api.aws_lambda_layer_version.langchain",
            "module.api.data.archive_file.lambda",
            "module.api.data.archive_file.layer_zip",
            "module.api.data.aws_iam_policy_document.dynamodb_access_doc",
            "module.api.data.aws_iam_policy_document.lambda_role",
            "module.api.data.aws_iam_policy_document.logs_policy_doc"
          ],
          "create_before_destroy": true
        }
      ]
    },
    {
      "module": "module.api",
      "mode": "managed",
      "type": "aws_api_gateway_method",
      "name": "method",
      "provider": "provider[\"registry.terraform.io/hashicorp/aws\"]",
      "instances": [
        {
          "index_key": "answer",
          "schema_version": 0,
          "attributes": {
            "api_key_required": false,
            "authorization": "NONE",
            "authorization_scopes": [],
            "authorizer_id": "",
            "http_method": "POST",
            "id": "agm-c9btvpbnyd-35c0sa-POST",
            "operation_name": "",
            "request_models": {},
            "request_parameters": {},
            "request_validator_id": "",
            "resource_id": "35c0sa",
            "rest_api_id": "c9btvpbnyd"
          },
          "sensitive_attributes": [],
          "private": "bnVsbA==",
          "dependencies": [
            "module.api.aws_api_gateway_resource.resource",
            "module.api.aws_api_gateway_rest_api.workshop"
          ],
          "create_before_destroy": true
        },
        {
          "index_key": "person_data",
          "schema_version": 0,
          "attributes": {
            "api_key_required": false,
            "authorization": "NONE",
            "authorization_scopes": [],
            "authorizer_id": "",
            "http_method": "POST",
            "id": "agm-c9btvpbnyd-36v6ud-POST",
            "operation_name": "",
            "request_models": {},
            "request_parameters": {},
            "request_validator_id": "",
            "resource_id": "36v6ud",
            "rest_api_id": "c9btvpbnyd"
          },
          "sensitive_attributes": [],
          "private": "bnVsbA==",
          "dependencies": [
            "module.api.aws_api_gateway_resource.resource",
            "module.api.aws_api_gateway_rest_api.workshop"
          ],
          "create_before_destroy": true
        },
        {
          "index_key": "question",
          "schema_version": 0,
          "attributes": {
            "api_key_required": false,
            "authorization": "NONE",
            "authorization_scopes": [],
            "authorizer_id": "",
            "http_method": "GET",
            "id": "agm-c9btvpbnyd-uzvbqp-GET",
            "operation_name": "",
            "request_models": {},
            "request_parameters": {},
            "request_validator_id": "",
            "resource_id": "uzvbqp",
            "rest_api_id": "c9btvpbnyd"
          },
          "sensitive_attributes": [],
          "private": "bnVsbA==",
          "dependencies": [
            "module.api.aws_api_gateway_resource.resource",
            "module.api.aws_api_gateway_rest_api.workshop"
          ],
          "create_before_destroy": true
        },
        {
          "index_key": "user",
          "schema_version": 0,
          "attributes": {
            "api_key_required": false,
            "authorization": "NONE",
            "authorization_scopes": [],
            "authorizer_id": "",
            "http_method": "POST",
            "id": "agm-c9btvpbnyd-5mu15w-POST",
            "operation_name": "",
            "request_models": {},
            "request_parameters": {},
            "request_validator_id": "",
            "resource_id": "5mu15w",
            "rest_api_id": "c9btvpbnyd"
          },
          "sensitive_attributes": [],
          "private": "bnVsbA==",
          "dependencies": [
            "module.api.aws_api_gateway_resource.resource",
            "module.api.aws_api_gateway_rest_api.workshop"
          ],
          "create_before_destroy": true
        }
      ]
    },
    {
      "module": "module.api",
      "mode": "managed",
      "type": "aws_api_gateway_resource",
      "name": "resource",
      "provider": "provider[\"registry.terraform.io/hashicorp/aws\"]",
      "instances": [
        {
          "index_key": "answer",
          "schema_version": 0,
          "attributes": {
            "id": "35c0sa",
            "parent_id": "9l7wd547ne",
            "path": "/answer",
            "path_part": "answer",
            "rest_api_id": "c9btvpbnyd"
          },
          "sensitive_attributes": [],
          "private": "bnVsbA==",
          "dependencies": [
            "module.api.aws_api_gateway_rest_api.workshop"
          ],
          "create_before_destroy": true
        },
        {
          "index_key": "person_data",
          "schema_version": 0,
          "attributes": {
            "id": "36v6ud",
            "parent_id": "9l7wd547ne",
            "path": "/person_data",
            "path_part": "person_data",
            "rest_api_id": "c9btvpbnyd"
          },
          "sensitive_attributes": [],
          "private": "bnVsbA==",
          "dependencies": [
            "module.api.aws_api_gateway_rest_api.workshop"
          ],
          "create_before_destroy": true
        },
        {
          "index_key": "question",
          "schema_version": 0,
          "attributes": {
            "id": "uzvbqp",
            "parent_id": "9l7wd547ne",
            "path": "/question",
            "path_part": "question",
            "rest_api_id": "c9btvpbnyd"
          },
          "sensitive_attributes": [],
          "private": "bnVsbA==",
          "dependencies": [
            "module.api.aws_api_gateway_rest_api.workshop"
          ],
          "create_before_destroy": true
        },
        {
          "index_key": "user",
          "schema_version": 0,
          "attributes": {
            "id": "5mu15w",
            "parent_id": "9l7wd547ne",
            "path": "/user",
            "path_part": "user",
            "rest_api_id": "c9btvpbnyd"
          },
          "sensitive_attributes": [],
          "private": "bnVsbA==",
          "dependencies": [
            "module.api.aws_api_gateway_rest_api.workshop"
          ],
          "create_before_destroy": true
        }
      ]
    },
    {
      "module": "module.api",
      "mode": "managed",
      "type": "aws_api_gateway_rest_api",
      "name": "workshop",
      "provider": "provider[\"registry.terraform.io/hashicorp/aws\"]",
      "instances": [
        {
          "schema_version": 0,
          "attributes": {
            "api_key_source": "HEADER",
            "arn": "arn:aws:apigateway:eu-central-1::/restapis/c9btvpbnyd",
            "binary_media_types": [],
            "body": null,
            "created_date": "2024-06-12T11:17:40Z",
            "description": "",
            "disable_execute_api_endpoint": false,
            "endpoint_configuration": [
              {
                "types": [
                  "EDGE"
                ],
                "vpc_endpoint_ids": []
              }
            ],
            "execution_arn": "arn:aws:execute-api:eu-central-1:851725210411:c9btvpbnyd",
            "fail_on_warnings": null,
            "id": "c9btvpbnyd",
            "minimum_compression_size": "",
            "name": "workshop",
            "parameters": null,
            "policy": "",
            "put_rest_api_mode": null,
            "root_resource_id": "9l7wd547ne",
            "tags": {},
            "tags_all": {}
          },
          "sensitive_attributes": [],
          "private": "bnVsbA==",
          "create_before_destroy": true
        }
      ]
    },
    {
      "module": "module.api",
      "mode": "managed",
      "type": "aws_api_gateway_stage",
      "name": "stage",
      "provider": "provider[\"registry.terraform.io/hashicorp/aws\"]",
      "instances": [
        {
          "schema_version": 0,
          "attributes": {
            "access_log_settings": [
              {
                "destination_arn": "arn:aws:logs:eu-central-1:851725210411:log-group:/aws/api-gateway/my-api_gw__workshop_logs",
                "format": "{'requestId':'$context.requestId', 'ip': '$context.identity.sourceIp', 'caller':'$context.identity.caller', 'user':'$context.identity.user', 'requestTime':'$context.requestTime', 'httpMethod':'$context.httpMethod', 'resourcePath':'$context.resourcePath', 'status':'$context.status', 'protocol':'$context.protocol', 'responseLength':'$context.responseLength'}"
              }
            ],
            "arn": "arn:aws:apigateway:eu-central-1::/restapis/c9btvpbnyd/stages/dev",
            "cache_cluster_enabled": false,
            "cache_cluster_size": "",
            "canary_settings": [],
            "client_certificate_id": "",
            "deployment_id": "zvf9tn",
            "description": "",
            "documentation_version": "",
            "execution_arn": "arn:aws:execute-api:eu-central-1:851725210411:c9btvpbnyd/dev",
            "id": "ags-c9btvpbnyd-dev",
            "invoke_url": "https://c9btvpbnyd.execute-api.eu-central-1.amazonaws.com/dev",
            "rest_api_id": "c9btvpbnyd",
            "stage_name": "dev",
            "tags": {},
            "tags_all": {},
            "variables": {},
            "web_acl_arn": "",
            "xray_tracing_enabled": true
          },
          "sensitive_attributes": [],
          "private": "bnVsbA==",
          "dependencies": [
            "module.api.aws_api_gateway_deployment.deployment",
            "module.api.aws_api_gateway_integration.integration",
            "module.api.aws_api_gateway_method.method",
            "module.api.aws_api_gateway_resource.resource",
            "module.api.aws_api_gateway_rest_api.workshop",
            "module.api.aws_cloudwatch_log_group.api_gw_workshop_logs",
            "module.api.aws_iam_policy.dynamodb_access_policy",
            "module.api.aws_iam_policy.logs_policy",
            "module.api.aws_iam_role.lambda",
            "module.api.aws_lambda_function.lambda",
            "module.api.aws_lambda_layer_version.langchain",
            "module.api.data.archive_file.lambda",
            "module.api.data.archive_file.layer_zip",
            "module.api.data.aws_iam_policy_document.dynamodb_access_doc",
            "module.api.data.aws_iam_policy_document.lambda_role",
            "module.api.data.aws_iam_policy_document.logs_policy_doc"
          ]
        }
      ]
    },
    {
      "module": "module.api",
      "mode": "managed",
      "type": "aws_cloudwatch_log_group",
      "name": "api_gw_workshop_logs",
      "provider": "provider[\"registry.terraform.io/hashicorp/aws\"]",
      "instances": [
        {
          "schema_version": 0,
          "attributes": {
            "arn": "arn:aws:logs:eu-central-1:851725210411:log-group:/aws/api-gateway/my-api_gw__workshop_logs",
            "id": "/aws/api-gateway/my-api_gw__workshop_logs",
            "kms_key_id": "",
            "log_group_class": "STANDARD",
            "name": "/aws/api-gateway/my-api_gw__workshop_logs",
            "name_prefix": "",
            "retention_in_days": 7,
            "skip_destroy": false,
            "tags": {},
            "tags_all": {}
          },
          "sensitive_attributes": [],
          "private": "bnVsbA=="
        }
      ]
    },
    {
      "module": "module.api",
      "mode": "managed",
      "type": "aws_iam_policy",
      "name": "dynamodb_access_policy",
      "provider": "provider[\"registry.terraform.io/hashicorp/aws\"]",
      "instances": [
        {
          "schema_version": 0,
          "attributes": {
            "arn": "arn:aws:iam::851725210411:policy/terraform-20240612111740341300000001",
            "attachment_count": 1,
            "description": "",
            "id": "arn:aws:iam::851725210411:policy/terraform-20240612111740341300000001",
            "name": "terraform-20240612111740341300000001",
            "name_prefix": "terraform-",
            "path": "/",
            "policy": "{\"Statement\":[{\"Action\":[\"dynamodb:Scan\",\"dynamodb:PutItem\",\"dynamodb:GetItem\",\"dynamodb:BatchWriteItem\"],\"Effect\":\"Allow\",\"Resource\":\"*\"}],\"Version\":\"2012-10-17\"}",
            "policy_id": "ANPA4MTWHKMVRMATPUBO3",
            "tags": {},
            "tags_all": {}
          },
          "sensitive_attributes": [],
          "private": "bnVsbA==",
          "dependencies": [
            "module.api.data.aws_iam_policy_document.dynamodb_access_doc"
          ],
          "create_before_destroy": true
        }
      ]
    },
    {
      "module": "module.api",
      "mode": "managed",
      "type": "aws_iam_policy",
      "name": "logs_policy",
      "provider": "provider[\"registry.terraform.io/hashicorp/aws\"]",
      "instances": [
        {
          "schema_version": 0,
          "attributes": {
            "arn": "arn:aws:iam::851725210411:policy/terraform-20240612111740341300000002",
            "attachment_count": 1,
            "description": "",
            "id": "arn:aws:iam::851725210411:policy/terraform-20240612111740341300000002",
            "name": "terraform-20240612111740341300000002",
            "name_prefix": "terraform-",
            "path": "/",
            "policy": "{\"Statement\":[{\"Action\":[\"secretsmanager:GetSecretValue\",\"logs:PutLogEvents\",\"logs:CreateLogStream\",\"logs:CreateLogGroup\"],\"Effect\":\"Allow\",\"Resource\":\"*\"}],\"Version\":\"2012-10-17\"}",
            "policy_id": "ANPA4MTWHKMVQCLZAWSTK",
            "tags": {},
            "tags_all": {}
          },
          "sensitive_attributes": [],
          "private": "bnVsbA==",
          "dependencies": [
            "module.api.data.aws_iam_policy_document.logs_policy_doc"
          ],
          "create_before_destroy": true
        }
      ]
    },
    {
      "module": "module.api",
      "mode": "managed",
      "type": "aws_iam_role",
      "name": "api_gw_workshop_role",
      "provider": "provider[\"registry.terraform.io/hashicorp/aws\"]",
      "instances": [
        {
          "schema_version": 0,
          "attributes": {
            "arn": "arn:aws:iam::851725210411:role/api_gateway_workshop_cloudwatch_role",
            "assume_role_policy": "{\"Statement\":[{\"Action\":\"sts:AssumeRole\",\"Effect\":\"Allow\",\"Principal\":{\"Service\":\"apigateway.amazonaws.com\"}}],\"Version\":\"2012-10-17\"}",
            "create_date": "2024-06-12T11:17:40Z",
            "description": "",
            "force_detach_policies": false,
            "id": "api_gateway_workshop_cloudwatch_role",
            "inline_policy": [
              {
                "name": "api_gateway_workshop",
                "policy": "{\"Version\":\"2012-10-17\",\"Statement\":[{\"Action\":[\"logs:CreateLogGroup\",\"logs:CreateLogStream\",\"logs:DescribeLogGroups\",\"logs:DescribeLogStreams\",\"logs:PutLogEvents\",\"logs:GetLogEvents\",\"logs:FilterLogEvents\"],\"Effect\":\"Allow\",\"Resource\":[\"*\"]}]}"
              }
            ],
            "managed_policy_arns": [],
            "max_session_duration": 3600,
            "name": "api_gateway_workshop_cloudwatch_role",
            "name_prefix": "",
            "path": "/",
            "permissions_boundary": "",
            "tags": {},
            "tags_all": {},
            "unique_id": "AROA4MTWHKMVU6PJKMSKI"
          },
          "sensitive_attributes": [],
          "private": "bnVsbA=="
        }
      ]
    },
    {
      "module": "module.api",
      "mode": "managed",
      "type": "aws_iam_role",
      "name": "lambda",
      "provider": "provider[\"registry.terraform.io/hashicorp/aws\"]",
      "instances": [
        {
          "schema_version": 0,
          "attributes": {
            "arn": "arn:aws:iam::851725210411:role/lambda",
            "assume_role_policy": "{\"Statement\":[{\"Action\":\"sts:AssumeRole\",\"Effect\":\"Allow\",\"Principal\":{\"Service\":\"lambda.amazonaws.com\"}}],\"Version\":\"2012-10-17\"}",
            "create_date": "2024-06-12T11:17:41Z",
            "description": "",
            "force_detach_policies": false,
            "id": "lambda",
            "inline_policy": [],
            "managed_policy_arns": [
              "arn:aws:iam::851725210411:policy/terraform-20240612111740341300000001",
              "arn:aws:iam::851725210411:policy/terraform-20240612111740341300000002"
            ],
            "max_session_duration": 3600,
            "name": "lambda",
            "name_prefix": "",
            "path": "/",
            "permissions_boundary": "",
            "tags": {},
            "tags_all": {},
            "unique_id": "AROA4MTWHKMV67KH7BCDZ"
          },
          "sensitive_attributes": [],
          "private": "bnVsbA==",
          "dependencies": [
            "module.api.aws_iam_policy.dynamodb_access_policy",
            "module.api.aws_iam_policy.logs_policy",
            "module.api.data.aws_iam_policy_document.dynamodb_access_doc",
            "module.api.data.aws_iam_policy_document.lambda_role",
            "module.api.data.aws_iam_policy_document.logs_policy_doc"
          ],
          "create_before_destroy": true
        }
      ]
    },
    {
      "module": "module.api",
      "mode": "managed",
      "type": "aws_iam_role_policy",
      "name": "api_gateway_workshop",
      "provider": "provider[\"registry.terraform.io/hashicorp/aws\"]",
      "instances": [
        {
          "schema_version": 0,
          "attributes": {
            "id": "api_gateway_workshop_cloudwatch_role:api_gateway_workshop",
            "name": "api_gateway_workshop",
            "name_prefix": "",
            "policy": "{\"Version\":\"2012-10-17\",\"Statement\":[{\"Action\":[\"logs:CreateLogGroup\",\"logs:CreateLogStream\",\"logs:DescribeLogGroups\",\"logs:DescribeLogStreams\",\"logs:PutLogEvents\",\"logs:GetLogEvents\",\"logs:FilterLogEvents\"],\"Effect\":\"Allow\",\"Resource\":[\"*\"]}]}",
            "role": "api_gateway_workshop_cloudwatch_role"
          },
          "sensitive_attributes": [],
          "private": "bnVsbA==",
          "dependencies": [
            "module.api.aws_iam_role.api_gw_workshop_role"
          ]
        }
      ]
    },
    {
      "module": "module.api",
      "mode": "managed",
      "type": "aws_lambda_function",
      "name": "lambda",
      "provider": "provider[\"registry.terraform.io/hashicorp/aws\"]",
      "instances": [
        {
          "index_key": "answer",
          "schema_version": 0,
          "attributes": {
            "architectures": [
              "x86_64"
            ],
            "arn": "arn:aws:lambda:eu-central-1:851725210411:function:answer",
            "code_signing_config_arn": "",
            "dead_letter_config": [],
            "description": "",
            "environment": [],
            "ephemeral_storage": [
              {
                "size": 512
              }
            ],
            "file_system_config": [],
            "filename": "modules/api/src/answer.zip",
            "function_name": "answer",
            "handler": "answer.handler",
            "id": "answer",
            "image_config": [],
            "image_uri": "",
            "invoke_arn": "arn:aws:apigateway:eu-central-1:lambda:path/2015-03-31/functions/arn:aws:lambda:eu-central-1:851725210411:function:answer/invocations",
            "kms_key_arn": "",
            "last_modified": "2024-06-18T13:28:25.000+0000",
            "layers": [
              "arn:aws:lambda:eu-central-1:851725210411:layer:langchain:1"
            ],
            "logging_config": [
              {
                "application_log_level": "",
                "log_format": "Text",
                "log_group": "/aws/lambda/answer",
                "system_log_level": ""
              }
            ],
            "memory_size": 128,
            "package_type": "Zip",
            "publish": false,
            "qualified_arn": "arn:aws:lambda:eu-central-1:851725210411:function:answer:$LATEST",
            "qualified_invoke_arn": "arn:aws:apigateway:eu-central-1:lambda:path/2015-03-31/functions/arn:aws:lambda:eu-central-1:851725210411:function:answer:$LATEST/invocations",
            "replace_security_groups_on_destroy": null,
            "replacement_security_group_ids": null,
            "reserved_concurrent_executions": -1,
            "role": "arn:aws:iam::851725210411:role/lambda",
            "runtime": "python3.12",
            "s3_bucket": null,
            "s3_key": null,
            "s3_object_version": null,
            "signing_job_arn": "",
            "signing_profile_version_arn": "",
            "skip_destroy": false,
            "snap_start": [],
            "source_code_hash": "gcZKLnZuP6QYMSXCDh8staVC/ONnXHrEQBkNZFnMTsU=",
            "source_code_size": 2177,
            "tags": {},
            "tags_all": {},
            "timeout": 60,
            "timeouts": null,
            "tracing_config": [
              {
                "mode": "PassThrough"
              }
            ],
            "version": "$LATEST",
            "vpc_config": []
          },
          "sensitive_attributes": [],
          "private": "eyJlMmJmYjczMC1lY2FhLTExZTYtOGY4OC0zNDM2M2JjN2M0YzAiOnsiY3JlYXRlIjo2MDAwMDAwMDAwMDAsImRlbGV0ZSI6NjAwMDAwMDAwMDAwLCJ1cGRhdGUiOjYwMDAwMDAwMDAwMH19",
          "dependencies": [
            "module.api.aws_iam_policy.dynamodb_access_policy",
            "module.api.aws_iam_policy.logs_policy",
            "module.api.aws_iam_role.lambda",
            "module.api.aws_lambda_layer_version.langchain",
            "module.api.data.archive_file.lambda",
            "module.api.data.archive_file.layer_zip",
            "module.api.data.aws_iam_policy_document.dynamodb_access_doc",
            "module.api.data.aws_iam_policy_document.lambda_role",
            "module.api.data.aws_iam_policy_document.logs_policy_doc"
          ]
        },
        {
          "index_key": "person_data",
          "schema_version": 0,
          "attributes": {
            "architectures": [
              "x86_64"
            ],
            "arn": "arn:aws:lambda:eu-central-1:851725210411:function:person_data",
            "code_signing_config_arn": "",
            "dead_letter_config": [],
            "description": "",
            "environment": [],
            "ephemeral_storage": [
              {
                "size": 512
              }
            ],
            "file_system_config": [],
            "filename": "modules/api/src/person_data.zip",
            "function_name": "person_data",
            "handler": "person_data.handler",
            "id": "person_data",
            "image_config": [],
            "image_uri": "",
            "invoke_arn": "arn:aws:apigateway:eu-central-1:lambda:path/2015-03-31/functions/arn:aws:lambda:eu-central-1:851725210411:function:person_data/invocations",
            "kms_key_arn": "",
            "last_modified": "2024-06-18T12:30:19.000+0000",
            "layers": [],
            "logging_config": [
              {
                "application_log_level": "",
                "log_format": "Text",
                "log_group": "/aws/lambda/person_data",
                "system_log_level": ""
              }
            ],
            "memory_size": 128,
            "package_type": "Zip",
            "publish": false,
            "qualified_arn": "arn:aws:lambda:eu-central-1:851725210411:function:person_data:$LATEST",
            "qualified_invoke_arn": "arn:aws:apigateway:eu-central-1:lambda:path/2015-03-31/functions/arn:aws:lambda:eu-central-1:851725210411:function:person_data:$LATEST/invocations",
            "replace_security_groups_on_destroy": null,
            "replacement_security_group_ids": null,
            "reserved_concurrent_executions": -1,
            "role": "arn:aws:iam::851725210411:role/lambda",
            "runtime": "python3.12",
            "s3_bucket": null,
            "s3_key": null,
            "s3_object_version": null,
            "signing_job_arn": "",
            "signing_profile_version_arn": "",
            "skip_destroy": false,
            "snap_start": [],
            "source_code_hash": "XD9wdmS1op3CmPhKfaHLxD5U/kBb69aYAS+hOC9LrWo=",
            "source_code_size": 847,
            "tags": {},
            "tags_all": {},
            "timeout": 60,
            "timeouts": null,
            "tracing_config": [
              {
                "mode": "PassThrough"
              }
            ],
            "version": "$LATEST",
            "vpc_config": []
          },
          "sensitive_attributes": [],
          "private": "eyJlMmJmYjczMC1lY2FhLTExZTYtOGY4OC0zNDM2M2JjN2M0YzAiOnsiY3JlYXRlIjo2MDAwMDAwMDAwMDAsImRlbGV0ZSI6NjAwMDAwMDAwMDAwLCJ1cGRhdGUiOjYwMDAwMDAwMDAwMH19",
          "dependencies": [
            "module.api.aws_iam_policy.dynamodb_access_policy",
            "module.api.aws_iam_policy.logs_policy",
            "module.api.aws_iam_role.lambda",
            "module.api.aws_lambda_layer_version.langchain",
            "module.api.data.archive_file.lambda",
            "module.api.data.archive_file.layer_zip",
            "module.api.data.aws_iam_policy_document.dynamodb_access_doc",
            "module.api.data.aws_iam_policy_document.lambda_role",
            "module.api.data.aws_iam_policy_document.logs_policy_doc"
          ],
          "create_before_destroy": true
        },
        {
          "index_key": "question",
          "schema_version": 0,
          "attributes": {
            "architectures": [
              "x86_64"
            ],
            "arn": "arn:aws:lambda:eu-central-1:851725210411:function:question",
            "code_signing_config_arn": "",
            "dead_letter_config": [],
            "description": "",
            "environment": [],
            "ephemeral_storage": [
              {
                "size": 512
              }
            ],
            "file_system_config": [],
            "filename": "modules/api/src/question.zip",
            "function_name": "question",
            "handler": "question.handler",
            "id": "question",
            "image_config": [],
            "image_uri": "",
            "invoke_arn": "arn:aws:apigateway:eu-central-1:lambda:path/2015-03-31/functions/arn:aws:lambda:eu-central-1:851725210411:function:question/invocations",
            "kms_key_arn": "",
            "last_modified": "2024-06-17T14:26:17.000+0000",
            "layers": [],
            "logging_config": [
              {
                "application_log_level": "",
                "log_format": "Text",
                "log_group": "/aws/lambda/question",
                "system_log_level": ""
              }
            ],
            "memory_size": 128,
            "package_type": "Zip",
            "publish": false,
            "qualified_arn": "arn:aws:lambda:eu-central-1:851725210411:function:question:$LATEST",
            "qualified_invoke_arn": "arn:aws:apigateway:eu-central-1:lambda:path/2015-03-31/functions/arn:aws:lambda:eu-central-1:851725210411:function:question:$LATEST/invocations",
            "replace_security_groups_on_destroy": null,
            "replacement_security_group_ids": null,
            "reserved_concurrent_executions": -1,
            "role": "arn:aws:iam::851725210411:role/lambda",
            "runtime": "python3.12",
            "s3_bucket": null,
            "s3_key": null,
            "s3_object_version": null,
            "signing_job_arn": "",
            "signing_profile_version_arn": "",
            "skip_destroy": false,
            "snap_start": [],
            "source_code_hash": "w7AfvnFHETg+h+Cj/z7+fOZv5zkMSQjoymY31t/qYRo=",
            "source_code_size": 831,
            "tags": {},
            "tags_all": {},
            "timeout": 60,
            "timeouts": null,
            "tracing_config": [
              {
                "mode": "PassThrough"
              }
            ],
            "version": "$LATEST",
            "vpc_config": []
          },
          "sensitive_attributes": [],
          "private": "eyJlMmJmYjczMC1lY2FhLTExZTYtOGY4OC0zNDM2M2JjN2M0YzAiOnsiY3JlYXRlIjo2MDAwMDAwMDAwMDAsImRlbGV0ZSI6NjAwMDAwMDAwMDAwLCJ1cGRhdGUiOjYwMDAwMDAwMDAwMH19",
          "dependencies": [
            "module.api.aws_iam_policy.dynamodb_access_policy",
            "module.api.aws_iam_policy.logs_policy",
            "module.api.aws_iam_role.lambda",
            "module.api.aws_lambda_layer_version.langchain",
            "module.api.data.archive_file.lambda",
            "module.api.data.archive_file.layer_zip",
            "module.api.data.aws_iam_policy_document.dynamodb_access_doc",
            "module.api.data.aws_iam_policy_document.lambda_role",
            "module.api.data.aws_iam_policy_document.logs_policy_doc"
          ],
          "create_before_destroy": true
        },
        {
          "index_key": "user",
          "schema_version": 0,
          "attributes": {
            "architectures": [
              "x86_64"
            ],
            "arn": "arn:aws:lambda:eu-central-1:851725210411:function:user",
            "code_signing_config_arn": "",
            "dead_letter_config": [],
            "description": "",
            "environment": [],
            "ephemeral_storage": [
              {
                "size": 512
              }
            ],
            "file_system_config": [],
            "filename": "modules/api/src/user.zip",
            "function_name": "user",
            "handler": "user.handler",
            "id": "user",
            "image_config": [],
            "image_uri": "",
            "invoke_arn": "arn:aws:apigateway:eu-central-1:lambda:path/2015-03-31/functions/arn:aws:lambda:eu-central-1:851725210411:function:user/invocations",
            "kms_key_arn": "",
            "last_modified": "2024-06-12T14:20:33.000+0000",
            "layers": [],
            "logging_config": [
              {
                "application_log_level": "",
                "log_format": "Text",
                "log_group": "/aws/lambda/user",
                "system_log_level": ""
              }
            ],
            "memory_size": 128,
            "package_type": "Zip",
            "publish": false,
            "qualified_arn": "arn:aws:lambda:eu-central-1:851725210411:function:user:$LATEST",
            "qualified_invoke_arn": "arn:aws:apigateway:eu-central-1:lambda:path/2015-03-31/functions/arn:aws:lambda:eu-central-1:851725210411:function:user:$LATEST/invocations",
            "replace_security_groups_on_destroy": null,
            "replacement_security_group_ids": null,
            "reserved_concurrent_executions": -1,
            "role": "arn:aws:iam::851725210411:role/lambda",
            "runtime": "python3.12",
            "s3_bucket": null,
            "s3_key": null,
            "s3_object_version": null,
            "signing_job_arn": "",
            "signing_profile_version_arn": "",
            "skip_destroy": false,
            "snap_start": [],
            "source_code_hash": "AdJeRD662+aRK3RXd8kDAHcwEscFF6dt4AZlGedEb2k=",
            "source_code_size": 522,
            "tags": {},
            "tags_all": {},
            "timeout": 60,
            "timeouts": null,
            "tracing_config": [
              {
                "mode": "PassThrough"
              }
            ],
            "version": "$LATEST",
            "vpc_config": []
          },
          "sensitive_attributes": [],
          "private": "eyJlMmJmYjczMC1lY2FhLTExZTYtOGY4OC0zNDM2M2JjN2M0YzAiOnsiY3JlYXRlIjo2MDAwMDAwMDAwMDAsImRlbGV0ZSI6NjAwMDAwMDAwMDAwLCJ1cGRhdGUiOjYwMDAwMDAwMDAwMH19",
          "dependencies": [
            "module.api.aws_iam_policy.dynamodb_access_policy",
            "module.api.aws_iam_policy.logs_policy",
            "module.api.aws_iam_role.lambda",
            "module.api.aws_lambda_layer_version.langchain",
            "module.api.data.archive_file.lambda",
            "module.api.data.archive_file.layer_zip",
            "module.api.data.aws_iam_policy_document.dynamodb_access_doc",
            "module.api.data.aws_iam_policy_document.lambda_role",
            "module.api.data.aws_iam_policy_document.logs_policy_doc"
          ],
          "create_before_destroy": true
        }
      ]
    },
    {
      "module": "module.api",
      "mode": "managed",
      "type": "aws_lambda_layer_version",
      "name": "langchain",
      "provider": "provider[\"registry.terraform.io/hashicorp/aws\"]",
      "instances": [
        {
          "schema_version": 0,
          "attributes": {
            "arn": "arn:aws:lambda:eu-central-1:851725210411:layer:langchain:1",
            "compatible_architectures": [
              "x86_64"
            ],
            "compatible_runtimes": [
              "python3.10",
              "python3.11",
              "python3.12",
              "python3.8",
              "python3.9"
            ],
            "created_date": "2024-06-12T14:13:42.764+0000",
            "description": "",
            "filename": "modules/api/src/langchain_layer/langchain_layer.zip",
            "id": "arn:aws:lambda:eu-central-1:851725210411:layer:langchain:1",
            "layer_arn": "arn:aws:lambda:eu-central-1:851725210411:layer:langchain",
            "layer_name": "langchain",
            "license_info": "",
            "s3_bucket": null,
            "s3_key": null,
            "s3_object_version": null,
            "signing_job_arn": "",
            "signing_profile_version_arn": "",
            "skip_destroy": false,
            "source_code_hash": "PXpYTHZtZlHoZD0QjkBR9s6/4zwh7pvzEggM6mebl6s=",
            "source_code_size": 11851884,
            "version": "1"
          },
          "sensitive_attributes": [],
          "private": "bnVsbA==",
          "dependencies": [
            "module.api.data.archive_file.layer_zip"
          ],
          "create_before_destroy": true
        }
      ]
    },
    {
      "module": "module.api",
      "mode": "managed",
      "type": "aws_lambda_permission",
      "name": "apigw_lambda",
      "provider": "provider[\"registry.terraform.io/hashicorp/aws\"]",
      "instances": [
        {
          "index_key": "answer",
          "schema_version": 0,
          "attributes": {
            "action": "lambda:InvokeFunction",
            "event_source_token": null,
            "function_name": "answer",
            "function_url_auth_type": null,
            "id": "AllowExecutionFromAPIGateway",
            "principal": "apigateway.amazonaws.com",
            "principal_org_id": null,
            "qualifier": "",
            "source_account": null,
            "source_arn": "arn:aws:execute-api:eu-central-1:851725210411:c9btvpbnyd/*/POST/answer",
            "statement_id": "AllowExecutionFromAPIGateway",
            "statement_id_prefix": ""
          },
          "sensitive_attributes": [],
          "private": "bnVsbA==",
          "dependencies": [
            "module.api.aws_api_gateway_method.method",
            "module.api.aws_api_gateway_resource.resource",
            "module.api.aws_api_gateway_rest_api.workshop",
            "module.api.aws_iam_policy.dynamodb_access_policy",
            "module.api.aws_iam_policy.logs_policy",
            "module.api.aws_iam_role.lambda",
            "module.api.aws_lambda_function.lambda",
            "module.api.aws_lambda_layer_version.langchain",
            "module.api.data.archive_file.lambda",
            "module.api.data.archive_file.layer_zip",
            "module.api.data.aws_iam_policy_document.dynamodb_access_doc",
            "module.api.data.aws_iam_policy_document.lambda_role",
            "module.api.data.aws_iam_policy_document.logs_policy_doc"
          ]
        },
        {
          "index_key": "person_data",
          "schema_version": 0,
          "attributes": {
            "action": "lambda:InvokeFunction",
            "event_source_token": null,
            "function_name": "person_data",
            "function_url_auth_type": null,
            "id": "AllowExecutionFromAPIGateway",
            "principal": "apigateway.amazonaws.com",
            "principal_org_id": null,
            "qualifier": "",
            "source_account": null,
            "source_arn": "arn:aws:execute-api:eu-central-1:851725210411:c9btvpbnyd/*/POST/person_data",
            "statement_id": "AllowExecutionFromAPIGateway",
            "statement_id_prefix": ""
          },
          "sensitive_attributes": [],
          "private": "bnVsbA==",
          "dependencies": [
            "module.api.aws_api_gateway_method.method",
            "module.api.aws_api_gateway_resource.resource",
            "module.api.aws_api_gateway_rest_api.workshop",
            "module.api.aws_iam_policy.dynamodb_access_policy",
            "module.api.aws_iam_policy.logs_policy",
            "module.api.aws_iam_role.lambda",
            "module.api.aws_lambda_function.lambda",
            "module.api.aws_lambda_layer_version.langchain",
            "module.api.data.archive_file.lambda",
            "module.api.data.archive_file.layer_zip",
            "module.api.data.aws_iam_policy_document.dynamodb_access_doc",
            "module.api.data.aws_iam_policy_document.lambda_role",
            "module.api.data.aws_iam_policy_document.logs_policy_doc"
          ]
        },
        {
          "index_key": "question",
          "schema_version": 0,
          "attributes": {
            "action": "lambda:InvokeFunction",
            "event_source_token": null,
            "function_name": "question",
            "function_url_auth_type": null,
            "id": "AllowExecutionFromAPIGateway",
            "principal": "apigateway.amazonaws.com",
            "principal_org_id": null,
            "qualifier": "",
            "source_account": null,
            "source_arn": "arn:aws:execute-api:eu-central-1:851725210411:c9btvpbnyd/*/GET/question",
            "statement_id": "AllowExecutionFromAPIGateway",
            "statement_id_prefix": ""
          },
          "sensitive_attributes": [],
          "private": "bnVsbA==",
          "dependencies": [
            "module.api.aws_api_gateway_method.method",
            "module.api.aws_api_gateway_resource.resource",
            "module.api.aws_api_gateway_rest_api.workshop",
            "module.api.aws_iam_policy.dynamodb_access_policy",
            "module.api.aws_iam_policy.logs_policy",
            "module.api.aws_iam_role.lambda",
            "module.api.aws_lambda_function.lambda",
            "module.api.aws_lambda_layer_version.langchain",
            "module.api.data.archive_file.lambda",
            "module.api.data.archive_file.layer_zip",
            "module.api.data.aws_iam_policy_document.dynamodb_access_doc",
            "module.api.data.aws_iam_policy_document.lambda_role",
            "module.api.data.aws_iam_policy_document.logs_policy_doc"
          ]
        },
        {
          "index_key": "user",
          "schema_version": 0,
          "attributes": {
            "action": "lambda:InvokeFunction",
            "event_source_token": null,
            "function_name": "user",
            "function_url_auth_type": null,
            "id": "AllowExecutionFromAPIGateway",
            "principal": "apigateway.amazonaws.com",
            "principal_org_id": null,
            "qualifier": "",
            "source_account": null,
            "source_arn": "arn:aws:execute-api:eu-central-1:851725210411:c9btvpbnyd/*/POST/user",
            "statement_id": "AllowExecutionFromAPIGateway",
            "statement_id_prefix": ""
          },
          "sensitive_attributes": [],
          "private": "bnVsbA==",
          "dependencies": [
            "module.api.aws_api_gateway_method.method",
            "module.api.aws_api_gateway_resource.resource",
            "module.api.aws_api_gateway_rest_api.workshop",
            "module.api.aws_iam_policy.dynamodb_access_policy",
            "module.api.aws_iam_policy.logs_policy",
            "module.api.aws_iam_role.lambda",
            "module.api.aws_lambda_function.lambda",
            "module.api.aws_lambda_layer_version.langchain",
            "module.api.data.archive_file.lambda",
            "module.api.data.archive_file.layer_zip",
            "module.api.data.aws_iam_policy_document.dynamodb_access_doc",
            "module.api.data.aws_iam_policy_document.lambda_role",
            "module.api.data.aws_iam_policy_document.logs_policy_doc"
          ]
        }
      ]
    },
    {
      "module": "module.table",
      "mode": "managed",
      "type": "aws_dynamodb_table",
      "name": "data_workshop",
      "provider": "provider[\"registry.terraform.io/hashicorp/aws\"]",
      "instances": [
        {
          "schema_version": 1,
          "attributes": {
            "arn": "arn:aws:dynamodb:eu-central-1:851725210411:table/data_workshop",
            "attribute": [
              {
                "name": "id",
                "type": "N"
              }
            ],
            "billing_mode": "PROVISIONED",
            "deletion_protection_enabled": false,
            "global_secondary_index": [],
            "hash_key": "id",
            "id": "data_workshop",
            "import_table": [],
            "local_secondary_index": [],
            "name": "data_workshop",
            "point_in_time_recovery": [
              {
                "enabled": false
              }
            ],
            "range_key": null,
            "read_capacity": 1,
            "replica": [],
            "restore_date_time": null,
            "restore_source_name": null,
            "restore_to_latest_time": null,
            "server_side_encryption": [],
            "stream_arn": "",
            "stream_enabled": false,
            "stream_label": "",
            "stream_view_type": "",
            "table_class": "STANDARD",
            "tags": {},
            "tags_all": {},
            "timeouts": null,
            "ttl": [
              {
                "attribute_name": "",
                "enabled": false
              }
            ],
            "write_capacity": 1
          },
          "sensitive_attributes": [],
          "private": "eyJlMmJmYjczMC1lY2FhLTExZTYtOGY4OC0zNDM2M2JjN2M0YzAiOnsiY3JlYXRlIjoxODAwMDAwMDAwMDAwLCJkZWxldGUiOjYwMDAwMDAwMDAwMCwidXBkYXRlIjozNjAwMDAwMDAwMDAwfSwic2NoZW1hX3ZlcnNpb24iOiIxIn0="
        }
      ]
    },
    {
      "module": "module.table",
      "mode": "managed",
      "type": "aws_dynamodb_table",
      "name": "workshop",
      "provider": "provider[\"registry.terraform.io/hashicorp/aws\"]",
      "instances": [
        {
          "schema_version": 1,
          "attributes": {
            "arn": "arn:aws:dynamodb:eu-central-1:851725210411:table/workshop",
            "attribute": [
              {
                "name": "login",
                "type": "S"
              }
            ],
            "billing_mode": "PROVISIONED",
            "deletion_protection_enabled": false,
            "global_secondary_index": [],
            "hash_key": "login",
            "id": "workshop",
            "import_table": [],
            "local_secondary_index": [],
            "name": "workshop",
            "point_in_time_recovery": [
              {
                "enabled": false
              }
            ],
            "range_key": null,
            "read_capacity": 1,
            "replica": [],
            "restore_date_time": null,
            "restore_source_name": null,
            "restore_to_latest_time": null,
            "server_side_encryption": [],
            "stream_arn": "",
            "stream_enabled": false,
            "stream_label": "",
            "stream_view_type": "",
            "table_class": "STANDARD",
            "tags": {},
            "tags_all": {},
            "timeouts": null,
            "ttl": [
              {
                "attribute_name": "",
                "enabled": false
              }
            ],
            "write_capacity": 1
          },
          "sensitive_attributes": [],
          "private": "eyJlMmJmYjczMC1lY2FhLTExZTYtOGY4OC0zNDM2M2JjN2M0YzAiOnsiY3JlYXRlIjoxODAwMDAwMDAwMDAwLCJkZWxldGUiOjYwMDAwMDAwMDAwMCwidXBkYXRlIjozNjAwMDAwMDAwMDAwfSwic2NoZW1hX3ZlcnNpb24iOiIxIn0="
        }
      ]
    }
  ],
  "check_results": null
}
